
Microsoft Visual Studio Solution File, Format Version 12.00
# Visual Studio Version 17
VisualStudioVersion = 17.7.34018.315
MinimumVisualStudioVersion = 10.0.40219.1
Project("{FAE04EC0-301F-11D3-BF4B-00C04F79EFBC}") = "foreach", "foreach.csproj", "{8BAA5822-6CFB-4C7D-9A2F-07E8E051D5C3}"
EndProject
Global
	GlobalSection(SolutionConfigurationPlatforms) = preSolution
		Debug|Any CPU = Debug|Any CPU
		Release|Any CPU = Release|Any CPU
	EndGlobalSection
	GlobalSection(ProjectConfigurationPlatforms) = postSolution
		{8BAA5822-6CFB-4C7D-9A2F-07E8E051D5C3}.Debug|Any CPU.ActiveCfg = Debug|Any CPU
		{8BAA5822-6CFB-4C7D-9A2F-07E8E051D5C3}.Debug|Any CPU.Build.0 = Debug|Any CPU
		{8BAA5822-6CFB-4C7D-9A2F-07E8E051D5C3}.Release|Any CPU.ActiveCfg = Release|Any CPU
		{8BAA5822-6CFB-4C7D-9A2F-07E8E051D5C3}.Release|Any CPU.Build.0 = Release|Any CPU
	EndGlobalSection
	GlobalSection(SolutionProperties) = preSolution
		HideSolutionNode = FALSE
	EndGlobalSection
	GlobalSection(ExtensibilityGlobals) = postSolution
		SolutionGuid = {9E7E6019-BD3C-45EA-ACE4-0DFF26B58E0D}
	EndGlobalSection
EndGlobal
